
Microsoft Visual Studio Solution File, Format Version 12.00
# Visual Studio Version 17
VisualStudioVersion = 17.10.35013.160
MinimumVisualStudioVersion = 10.0.40219.1
Project("{FAE04EC0-301F-11D3-BF4B-00C04F79EFBC}") = "TestConsole0", "TestConsole0\TestConsole0.csproj", "{A7B593DA-A491-4816-BE04-B3BE77AD9C88}"
EndProject
Global
	GlobalSection(SolutionConfigurationPlatforms) = preSolution
		Debug|Any CPU = Debug|Any CPU
		Release|Any CPU = Release|Any CPU
	EndGlobalSection
	GlobalSection(ProjectConfigurationPlatforms) = postSolution
		{A7B593DA-A491-4816-BE04-B3BE77AD9C88}.Debug|Any CPU.ActiveCfg = Debug|Any CPU
		{A7B593DA-A491-4816-BE04-B3BE77AD9C88}.Debug|Any CPU.Build.0 = Debug|Any CPU
		{A7B593DA-A491-4816-BE04-B3BE77AD9C88}.Release|Any CPU.ActiveCfg = Release|Any CPU
		{A7B593DA-A491-4816-BE04-B3BE77AD9C88}.Release|Any CPU.Build.0 = Release|Any CPU
	EndGlobalSection
	GlobalSection(SolutionProperties) = preSolution
		HideSolutionNode = FALSE
	EndGlobalSection
	GlobalSection(ExtensibilityGlobals) = postSolution
		SolutionGuid = {F24EB7EB-D63F-42AA-9361-E36FFBAA1F6F}
	EndGlobalSection
EndGlobal
